{
  "name": "@pfzw90/ajs-clone",
  "version": "1.0.0",
  "lockfileVersion": 1,
  "requires": true,
  "dependencies": {
    "@pfzw90/ajs": {
      "version": "1.0.0",
      "resolved": "https://npm.pkg.github.com/download/@pfzw90/ajs/1.0.0/385d0543f2bb55cf400f4d1f5536a81a3b6959771ff73aa6ad0c663fafaee2be",
      "integrity": "sha512-OIhFG+UtaMcgcu30YeH0BfIkASsZ3DAaEr4o9Te47FPoV07nhd3s8duLBum/qT0Wrm+JxcmEdQZ37r5m+QOyDw=="
    }
  }
}
